{
  "version": 4,
  "terraform_version": "1.7.5",
  "serial": 3,
  "lineage": "dd136dcd-9880-8889-c120-546c4e1bd63b",
  "outputs": {},
  "resources": [
    {
      "module": "module.athena",
      "mode": "managed",
      "type": "aws_glue_catalog_table",
      "name": "ccindex",
      "provider": "provider[\"registry.terraform.io/hashicorp/aws\"]",
      "instances": [
        {
          "schema_version": 0,
          "attributes": {
            "arn": "arn:aws:glue:ap-southeast-1:891377051697:table/ccindex/ccindex",
            "catalog_id": "891377051697",
            "database_name": "ccindex",
            "description": "",
            "id": "891377051697:ccindex:ccindex",
            "name": "ccindex",
            "open_table_format_input": [],
            "owner": "",
            "parameters": {
              "EXTERNAL": "TRUE"
            },
            "partition_index": null,
            "partition_keys": [
              {
                "comment": "",
                "name": "crawl",
                "type": "string"
              },
              {
                "comment": "",
                "name": "subset",
                "type": "string"
              }
            ],
            "retention": 0,
            "storage_descriptor": [
              {
                "bucket_columns": null,
                "columns": [
                  {
                    "comment": "",
                    "name": "url_surtkey",
                    "parameters": null,
                    "type": "string"
                  },
                  {
                    "comment": "",
                    "name": "url",
                    "parameters": null,
                    "type": "string"
                  },
                  {
                    "comment": "",
                    "name": "url_host_name",
                    "parameters": null,
                    "type": "string"
                  },
                  {
                    "comment": "",
                    "name": "url_host_tld",
                    "parameters": null,
                    "type": "string"
                  },
                  {
                    "comment": "",
                    "name": "url_host_2nd_last_part",
                    "parameters": null,
                    "type": "string"
                  },
                  {
                    "comment": "",
                    "name": "url_host_3rd_last_part",
                    "parameters": null,
                    "type": "string"
                  },
                  {
                    "comment": "",
                    "name": "url_host_4th_last_part",
                    "parameters": null,
                    "type": "string"
                  },
                  {
                    "comment": "",
                    "name": "url_host_5th_last_part",
                    "parameters": null,
                    "type": "string"
                  },
                  {
                    "comment": "",
                    "name": "url_host_registry_suffix",
                    "parameters": null,
                    "type": "string"
                  },
                  {
                    "comment": "",
                    "name": "url_host_registered_domain",
                    "parameters": null,
                    "type": "string"
                  },
                  {
                    "comment": "",
                    "name": "url_host_private_suffix",
                    "parameters": null,
                    "type": "string"
                  },
                  {
                    "comment": "",
                    "name": "url_host_private_domain",
                    "parameters": null,
                    "type": "string"
                  },
                  {
                    "comment": "",
                    "name": "url_protocol",
                    "parameters": null,
                    "type": "string"
                  },
                  {
                    "comment": "",
                    "name": "url_port",
                    "parameters": null,
                    "type": "int"
                  },
                  {
                    "comment": "",
                    "name": "url_path",
                    "parameters": null,
                    "type": "string"
                  },
                  {
                    "comment": "",
                    "name": "url_query",
                    "parameters": null,
                    "type": "string"
                  },
                  {
                    "comment": "",
                    "name": "fetch_time",
                    "parameters": null,
                    "type": "timestamp"
                  },
                  {
                    "comment": "",
                    "name": "fetch_status",
                    "parameters": null,
                    "type": "smallint"
                  },
                  {
                    "comment": "",
                    "name": "content_digest",
                    "parameters": null,
                    "type": "string"
                  },
                  {
                    "comment": "",
                    "name": "content_mime_type",
                    "parameters": null,
                    "type": "string"
                  },
                  {
                    "comment": "",
                    "name": "content_mime_detected",
                    "parameters": null,
                    "type": "string"
                  },
                  {
                    "comment": "",
                    "name": "content_charset",
                    "parameters": null,
                    "type": "string"
                  },
                  {
                    "comment": "",
                    "name": "content_languages",
                    "parameters": null,
                    "type": "string"
                  },
                  {
                    "comment": "",
                    "name": "warc_filename",
                    "parameters": null,
                    "type": "string"
                  },
                  {
                    "comment": "",
                    "name": "warc_record_offset",
                    "parameters": null,
                    "type": "int"
                  },
                  {
                    "comment": "",
                    "name": "warc_record_length",
                    "parameters": null,
                    "type": "int"
                  },
                  {
                    "comment": "",
                    "name": "warc_segment",
                    "parameters": null,
                    "type": "string"
                  }
                ],
                "compressed": false,
                "input_format": "org.apache.hadoop.hive.ql.io.parquet.MapredParquetInputFormat",
                "location": "s3://commoncrawl/cc-index/table/cc-main/warc/",
                "number_of_buckets": 0,
                "output_format": "org.apache.hadoop.hive.ql.io.parquet.MapredParquetOutputFormat",
                "parameters": null,
                "schema_reference": [],
                "ser_de_info": [
                  {
                    "name": "parquet",
                    "parameters": {
                      "serialization.format": "1"
                    },
                    "serialization_library": "org.apache.hadoop.hive.ql.io.parquet.serde.ParquetHiveSerDe"
                  }
                ],
                "skewed_info": [],
                "sort_columns": [],
                "stored_as_sub_directories": false
              }
            ],
            "table_type": "EXTERNAL_TABLE",
            "target_table": [],
            "view_expanded_text": "",
            "view_original_text": ""
          },
          "sensitive_attributes": [],
          "private": "bnVsbA==",
          "dependencies": [
            "module.glue.aws_glue_catalog_database.ccindex"
          ]
        }
      ]
    },
    {
      "module": "module.glue",
      "mode": "managed",
      "type": "aws_glue_catalog_database",
      "name": "ccindex",
      "provider": "provider[\"registry.terraform.io/hashicorp/aws\"]",
      "instances": [
        {
          "schema_version": 0,
          "attributes": {
            "arn": "arn:aws:glue:ap-southeast-1:891377051697:database/ccindex",
            "catalog_id": "891377051697",
            "create_table_default_permission": [
              {
                "permissions": [
                  "ALL"
                ],
                "principal": [
                  {
                    "data_lake_principal_identifier": "IAM_ALLOWED_PRINCIPALS"
                  }
                ]
              }
            ],
            "description": "",
            "federated_database": [],
            "id": "891377051697:ccindex",
            "location_uri": "",
            "name": "ccindex",
            "parameters": null,
            "tags": null,
            "tags_all": {},
            "target_database": []
          },
          "sensitive_attributes": [],
          "private": "bnVsbA=="
        }
      ]
    }
  ],
  "check_results": null
}
